
Microsoft Visual Studio Solution File, Format Version 12.00
# Visual Studio 15
VisualStudioVersion = 15.0.28307.539
MinimumVisualStudioVersion = 10.0.40219.1
Project("{FAE04EC0-301F-11D3-BF4B-00C04F79EFBC}") = "WebApiAngularAuthentication", "WebApiAngularAuthentication\WebApiAngularAuthentication.csproj", "{F674F6AD-039D-4AAD-B931-CF272839CB82}"
EndProject
Global
	GlobalSection(SolutionConfigurationPlatforms) = preSolution
		Debug|Any CPU = Debug|Any CPU
		Release|Any CPU = Release|Any CPU
	EndGlobalSection
	GlobalSection(ProjectConfigurationPlatforms) = postSolution
		{F674F6AD-039D-4AAD-B931-CF272839CB82}.Debug|Any CPU.ActiveCfg = Debug|Any CPU
		{F674F6AD-039D-4AAD-B931-CF272839CB82}.Debug|Any CPU.Build.0 = Debug|Any CPU
		{F674F6AD-039D-4AAD-B931-CF272839CB82}.Release|Any CPU.ActiveCfg = Release|Any CPU
		{F674F6AD-039D-4AAD-B931-CF272839CB82}.Release|Any CPU.Build.0 = Release|Any CPU
	EndGlobalSection
	GlobalSection(SolutionProperties) = preSolution
		HideSolutionNode = FALSE
	EndGlobalSection
	GlobalSection(ExtensibilityGlobals) = postSolution
		SolutionGuid = {F05D4758-4B5A-4B76-8472-82C00672D37E}
	EndGlobalSection
EndGlobal
